{
  "name": "day-01",
  "lockfileVersion": 3,
  "requires": true,
  "packages": {
    "": {
      "dependencies": {
        "digit-to-word-converter": "^1.0.5"
      }
    },
    "node_modules/digit-to-word-converter": {
      "version": "1.0.5",
      "resolved": "https://registry.npmjs.org/digit-to-word-converter/-/digit-to-word-converter-1.0.5.tgz",
      "integrity": "sha512-4CtHw5nWS0bEZevqe+Dmx1VXmYD9Hd4oMSR/05539kCX+N+bJAoxg+WDeK0oxyCutnW9pOKsqy/NO6RAXQABpQ=="
    }
  }
}
